{
  "version": 4,
  "terraform_version": "1.11.4",
  "serial": 42,
  "lineage": "fa86d6ed-129d-f92d-4e78-e4c750f74b06",
  "outputs": {
    "floating_ip": {
      "value": "129.114.25.100",
      "type": "string"
    },
    "private_ips": {
      "value": [
        "192.168.1.11",
        "192.168.1.12",
        "192.168.1.13"
      ],
      "type": [
        "tuple",
        [
          "string",
          "string",
          "string"
        ]
      ]
    },
    "vm_names": {
      "value": [
        "node1-mlops-project35",
        "node2-mlops-project35",
        "node3-mlops-project35"
      ],
      "type": [
        "tuple",
        [
          "string",
          "string",
          "string"
        ]
      ]
    }
  },
  "resources": [
    {
      "mode": "data",
      "type": "openstack_networking_network_v2",
      "name": "private_net",
      "provider": "provider[\"registry.terraform.io/terraform-provider-openstack/openstack\"]",
      "instances": [
        {
          "schema_version": 0,
          "attributes": {
            "admin_state_up": "true",
            "all_tags": [],
            "availability_zone_hints": [],
            "description": "",
            "dns_domain": "",
            "external": false,
            "id": "7fffdf0f-2163-4316-82a4-67a1618cb3b6",
            "matching_subnet_cidr": null,
            "mtu": 1450,
            "name": "private_cloud_net_project35",
            "network_id": null,
            "region": "KVM@TACC",
            "segments": [],
            "shared": "false",
            "status": null,
            "subnets": [
              "2b83a3f3-1a2d-4e64-a1c9-ddcf88cd4402"
            ],
            "tags": null,
            "tenant_id": "89f528973fea4b3a981f9b2344e522de",
            "transparent_vlan": false
          },
          "sensitive_attributes": []
        }
      ]
    },
    {
      "mode": "data",
      "type": "openstack_networking_network_v2",
      "name": "sharednet2",
      "provider": "provider[\"registry.terraform.io/terraform-provider-openstack/openstack\"]",
      "instances": [
        {
          "schema_version": 0,
          "attributes": {
            "admin_state_up": "true",
            "all_tags": [],
            "availability_zone_hints": [],
            "description": "",
            "dns_domain": "",
            "external": false,
            "id": "4ec616b2-79e1-4813-abca-f2ceb41e0a89",
            "matching_subnet_cidr": null,
            "mtu": 1450,
            "name": "sharednet2",
            "network_id": null,
            "region": "KVM@TACC",
            "segments": [],
            "shared": "false",
            "status": null,
            "subnets": [
              "00b8d316-7617-4da4-b6c0-b7dd1dd78cd4"
            ],
            "tags": null,
            "tenant_id": "89f528973fea4b3a981f9b2344e522de",
            "transparent_vlan": false
          },
          "sensitive_attributes": []
        }
      ]
    },
    {
      "mode": "data",
      "type": "openstack_networking_secgroup_v2",
      "name": "my_sec_group",
      "provider": "provider[\"registry.terraform.io/terraform-provider-openstack/openstack\"]",
      "instances": [
        {
          "schema_version": 0,
          "attributes": {
            "all_tags": [],
            "description": "Security group for web and SSH access",
            "id": "065daba8-931b-451d-9fa7-f16ac10137f8",
            "name": "my-sec-group35",
            "region": "KVM@TACC",
            "secgroup_id": null,
            "tags": null,
            "tenant_id": "89f528973fea4b3a981f9b2344e522de"
          },
          "sensitive_attributes": []
        }
      ]
    },
    {
      "mode": "data",
      "type": "openstack_networking_subnet_v2",
      "name": "private_subnet",
      "provider": "provider[\"registry.terraform.io/terraform-provider-openstack/openstack\"]",
      "instances": [
        {
          "schema_version": 0,
          "attributes": {
            "all_tags": [],
            "allocation_pools": [
              {
                "end": "192.168.1.254",
                "start": "192.168.1.1"
              }
            ],
            "cidr": "192.168.1.0/24",
            "description": "",
            "dhcp_disabled": null,
            "dhcp_enabled": null,
            "dns_nameservers": [],
            "enable_dhcp": true,
            "gateway_ip": "",
            "host_routes": [],
            "id": "2b83a3f3-1a2d-4e64-a1c9-ddcf88cd4402",
            "ip_version": 4,
            "ipv6_address_mode": "",
            "ipv6_ra_mode": "",
            "name": "private_cloud_subnet_project35",
            "network_id": "7fffdf0f-2163-4316-82a4-67a1618cb3b6",
            "region": "KVM@TACC",
            "service_types": [],
            "subnet_id": null,
            "subnetpool_id": "",
            "tags": null,
            "tenant_id": "89f528973fea4b3a981f9b2344e522de"
          },
          "sensitive_attributes": []
        }
      ]
    },
    {
      "mode": "managed",
      "type": "openstack_networking_network_v2",
      "name": "private_net",
      "provider": "provider[\"registry.terraform.io/terraform-provider-openstack/openstack\"]",
      "instances": [
        {
          "schema_version": 0,
          "attributes": {
            "admin_state_up": true,
            "all_tags": [],
            "availability_zone_hints": [],
            "description": "",
            "dns_domain": "",
            "external": false,
            "id": "3d1952c0-fc9f-42b3-b76d-dc81769157cc",
            "mtu": 1450,
            "name": "private-net-mlops-project35",
            "port_security_enabled": false,
            "qos_policy_id": "",
            "region": "KVM@TACC",
            "segments": [],
            "shared": false,
            "tags": [],
            "tenant_id": "89f528973fea4b3a981f9b2344e522de",
            "timeouts": null,
            "transparent_vlan": false,
            "value_specs": null
          },
          "sensitive_attributes": [],
          "private": "eyJlMmJmYjczMC1lY2FhLTExZTYtOGY4OC0zNDM2M2JjN2M0YzAiOnsiY3JlYXRlIjo2MDAwMDAwMDAwMDAsImRlbGV0ZSI6NjAwMDAwMDAwMDAwfX0="
        }
      ]
    },
    {
      "mode": "managed",
      "type": "openstack_networking_port_v2",
      "name": "private_net_ports",
      "provider": "provider[\"registry.terraform.io/terraform-provider-openstack/openstack\"]",
      "instances": [
        {
          "index_key": "node1",
          "schema_version": 0,
          "attributes": {
            "admin_state_up": true,
            "all_fixed_ips": [
              "192.168.1.11"
            ],
            "all_security_group_ids": [],
            "all_tags": [],
            "allowed_address_pairs": [],
            "binding": [
              {
                "host_id": "",
                "profile": "",
                "vif_details": {},
                "vif_type": "",
                "vnic_type": "normal"
              }
            ],
            "description": "",
            "device_id": "",
            "device_owner": "",
            "dns_assignment": [],
            "dns_name": "",
            "extra_dhcp_option": [],
            "fixed_ip": [
              {
                "ip_address": "192.168.1.11",
                "subnet_id": "53be20d9-7c50-4a8d-88a2-704ab5563c82"
              }
            ],
            "id": "414aa685-9fc0-4ec5-9052-80acb73afcf6",
            "mac_address": "fa:16:3e:c8:80:22",
            "name": "port-node1-mlops-project35",
            "network_id": "3d1952c0-fc9f-42b3-b76d-dc81769157cc",
            "no_fixed_ip": null,
            "no_security_groups": null,
            "port_security_enabled": false,
            "qos_policy_id": "",
            "region": "KVM@TACC",
            "security_group_ids": null,
            "tags": [],
            "tenant_id": "89f528973fea4b3a981f9b2344e522de",
            "timeouts": null,
            "value_specs": null
          },
          "sensitive_attributes": [],
          "private": "eyJlMmJmYjczMC1lY2FhLTExZTYtOGY4OC0zNDM2M2JjN2M0YzAiOnsiY3JlYXRlIjo2MDAwMDAwMDAwMDAsImRlbGV0ZSI6NjAwMDAwMDAwMDAwfX0=",
          "dependencies": [
            "openstack_networking_network_v2.private_net",
            "openstack_networking_subnet_v2.private_subnet"
          ]
        },
        {
          "index_key": "node2",
          "schema_version": 0,
          "attributes": {
            "admin_state_up": true,
            "all_fixed_ips": [
              "192.168.1.12"
            ],
            "all_security_group_ids": [],
            "all_tags": [],
            "allowed_address_pairs": [],
            "binding": [
              {
                "host_id": "",
                "profile": "",
                "vif_details": {},
                "vif_type": "",
                "vnic_type": "normal"
              }
            ],
            "description": "",
            "device_id": "",
            "device_owner": "",
            "dns_assignment": [],
            "dns_name": "",
            "extra_dhcp_option": [],
            "fixed_ip": [
              {
                "ip_address": "192.168.1.12",
                "subnet_id": "53be20d9-7c50-4a8d-88a2-704ab5563c82"
              }
            ],
            "id": "1c4020ba-e506-477f-89a8-f888be532978",
            "mac_address": "fa:16:3e:31:96:7b",
            "name": "port-node2-mlops-project35",
            "network_id": "3d1952c0-fc9f-42b3-b76d-dc81769157cc",
            "no_fixed_ip": null,
            "no_security_groups": null,
            "port_security_enabled": false,
            "qos_policy_id": "",
            "region": "KVM@TACC",
            "security_group_ids": null,
            "tags": [],
            "tenant_id": "89f528973fea4b3a981f9b2344e522de",
            "timeouts": null,
            "value_specs": null
          },
          "sensitive_attributes": [],
          "private": "eyJlMmJmYjczMC1lY2FhLTExZTYtOGY4OC0zNDM2M2JjN2M0YzAiOnsiY3JlYXRlIjo2MDAwMDAwMDAwMDAsImRlbGV0ZSI6NjAwMDAwMDAwMDAwfX0=",
          "dependencies": [
            "openstack_networking_network_v2.private_net",
            "openstack_networking_subnet_v2.private_subnet"
          ]
        },
        {
          "index_key": "node3",
          "schema_version": 0,
          "attributes": {
            "admin_state_up": true,
            "all_fixed_ips": [
              "192.168.1.13"
            ],
            "all_security_group_ids": [],
            "all_tags": [],
            "allowed_address_pairs": [],
            "binding": [
              {
                "host_id": "",
                "profile": "",
                "vif_details": {},
                "vif_type": "",
                "vnic_type": "normal"
              }
            ],
            "description": "",
            "device_id": "",
            "device_owner": "",
            "dns_assignment": [],
            "dns_name": "",
            "extra_dhcp_option": [],
            "fixed_ip": [
              {
                "ip_address": "192.168.1.13",
                "subnet_id": "53be20d9-7c50-4a8d-88a2-704ab5563c82"
              }
            ],
            "id": "77bc7fe8-5bca-4d61-80dc-de1ca9363f7e",
            "mac_address": "fa:16:3e:f3:56:ba",
            "name": "port-node3-mlops-project35",
            "network_id": "3d1952c0-fc9f-42b3-b76d-dc81769157cc",
            "no_fixed_ip": null,
            "no_security_groups": null,
            "port_security_enabled": false,
            "qos_policy_id": "",
            "region": "KVM@TACC",
            "security_group_ids": null,
            "tags": [],
            "tenant_id": "89f528973fea4b3a981f9b2344e522de",
            "timeouts": null,
            "value_specs": null
          },
          "sensitive_attributes": [],
          "private": "eyJlMmJmYjczMC1lY2FhLTExZTYtOGY4OC0zNDM2M2JjN2M0YzAiOnsiY3JlYXRlIjo2MDAwMDAwMDAwMDAsImRlbGV0ZSI6NjAwMDAwMDAwMDAwfX0=",
          "dependencies": [
            "openstack_networking_network_v2.private_net",
            "openstack_networking_subnet_v2.private_subnet"
          ]
        }
      ]
    },
    {
      "mode": "managed",
      "type": "openstack_networking_port_v2",
      "name": "sharednet2_port_node1",
      "provider": "provider[\"registry.terraform.io/terraform-provider-openstack/openstack\"]",
      "instances": [
        {
          "schema_version": 0,
          "attributes": {
            "admin_state_up": true,
            "all_fixed_ips": [
              "10.56.3.208"
            ],
            "all_security_group_ids": [
              "065daba8-931b-451d-9fa7-f16ac10137f8"
            ],
            "all_tags": [],
            "allowed_address_pairs": [],
            "binding": [
              {
                "host_id": "",
                "profile": "",
                "vif_details": {},
                "vif_type": "",
                "vnic_type": "normal"
              }
            ],
            "description": "",
            "device_id": "",
            "device_owner": "",
            "dns_assignment": [],
            "dns_name": "",
            "extra_dhcp_option": [],
            "fixed_ip": [],
            "id": "98b681f2-d7ac-41bb-a28e-2dfe83d158a5",
            "mac_address": "fa:16:3e:ff:62:cb",
            "name": "sharednet2-node1-mlops-project35",
            "network_id": "4ec616b2-79e1-4813-abca-f2ceb41e0a89",
            "no_fixed_ip": null,
            "no_security_groups": null,
            "port_security_enabled": true,
            "qos_policy_id": "",
            "region": "KVM@TACC",
            "security_group_ids": [
              "065daba8-931b-451d-9fa7-f16ac10137f8"
            ],
            "tags": null,
            "tenant_id": "89f528973fea4b3a981f9b2344e522de",
            "timeouts": null,
            "value_specs": null
          },
          "sensitive_attributes": [],
          "private": "eyJlMmJmYjczMC1lY2FhLTExZTYtOGY4OC0zNDM2M2JjN2M0YzAiOnsiY3JlYXRlIjo2MDAwMDAwMDAwMDAsImRlbGV0ZSI6NjAwMDAwMDAwMDAwfX0=",
          "dependencies": [
            "data.openstack_networking_network_v2.sharednet2",
            "data.openstack_networking_secgroup_v2.my_sec_group"
          ]
        }
      ]
    },
    {
      "mode": "managed",
      "type": "openstack_networking_subnet_v2",
      "name": "private_subnet",
      "provider": "provider[\"registry.terraform.io/terraform-provider-openstack/openstack\"]",
      "instances": [
        {
          "schema_version": 0,
          "attributes": {
            "all_tags": [],
            "allocation_pool": [
              {
                "end": "192.168.1.254",
                "start": "192.168.1.1"
              }
            ],
            "allocation_pools": [
              {
                "end": "192.168.1.254",
                "start": "192.168.1.1"
              }
            ],
            "cidr": "192.168.1.0/24",
            "description": "",
            "dns_nameservers": [],
            "enable_dhcp": true,
            "gateway_ip": "",
            "host_routes": [],
            "id": "53be20d9-7c50-4a8d-88a2-704ab5563c82",
            "ip_version": 4,
            "ipv6_address_mode": "",
            "ipv6_ra_mode": "",
            "name": "private-subnet-mlops-project35",
            "network_id": "3d1952c0-fc9f-42b3-b76d-dc81769157cc",
            "no_gateway": true,
            "prefix_length": null,
            "region": "KVM@TACC",
            "service_types": [],
            "subnetpool_id": "",
            "tags": [],
            "tenant_id": "89f528973fea4b3a981f9b2344e522de",
            "timeouts": null,
            "value_specs": null
          },
          "sensitive_attributes": [],
          "private": "eyJlMmJmYjczMC1lY2FhLTExZTYtOGY4OC0zNDM2M2JjN2M0YzAiOnsiY3JlYXRlIjo2MDAwMDAwMDAwMDAsImRlbGV0ZSI6NjAwMDAwMDAwMDAwfX0=",
          "dependencies": [
            "openstack_networking_network_v2.private_net"
          ]
        }
      ]
    }
  ],
  "check_results": null
}
